
Microsoft Visual Studio Solution File, Format Version 12.00
# Visual Studio Version 16
VisualStudioVersion = 16.0.30011.22
MinimumVisualStudioVersion = 10.0.40219.1
Project("{FAE04EC0-301F-11D3-BF4B-00C04F79EFBC}") = "Pulse.ServiceMonitor", "Pulse.ServiceMonitor\Pulse.ServiceMonitor.csproj", "{2055C619-0C99-44FF-AF34-90DA552FE0A0}"
EndProject
Global
	GlobalSection(SolutionConfigurationPlatforms) = preSolution
		Debug|Any CPU = Debug|Any CPU
		Release|Any CPU = Release|Any CPU
	EndGlobalSection
	GlobalSection(ProjectConfigurationPlatforms) = postSolution
		{2055C619-0C99-44FF-AF34-90DA552FE0A0}.Debug|Any CPU.ActiveCfg = Debug|Any CPU
		{2055C619-0C99-44FF-AF34-90DA552FE0A0}.Debug|Any CPU.Build.0 = Debug|Any CPU
		{2055C619-0C99-44FF-AF34-90DA552FE0A0}.Release|Any CPU.ActiveCfg = Release|Any CPU
		{2055C619-0C99-44FF-AF34-90DA552FE0A0}.Release|Any CPU.Build.0 = Release|Any CPU
	EndGlobalSection
	GlobalSection(SolutionProperties) = preSolution
		HideSolutionNode = FALSE
	EndGlobalSection
	GlobalSection(ExtensibilityGlobals) = postSolution
		SolutionGuid = {489402E9-DC29-4C6F-88D8-9453231C35C6}
	EndGlobalSection
EndGlobal
